
Microsoft Visual Studio Solution File, Format Version 12.00
# Visual Studio Version 16
VisualStudioVersion = 16.0.30804.86
MinimumVisualStudioVersion = 10.0.40219.1
Project("{FAE04EC0-301F-11D3-BF4B-00C04F79EFBC}") = "mp3converter", "mp3converter.csproj", "{EFF01631-0EC6-4005-925A-AEE730F7770D}"
EndProject
Global
	GlobalSection(SolutionConfigurationPlatforms) = preSolution
		Debug|Any CPU = Debug|Any CPU
		Release|Any CPU = Release|Any CPU
	EndGlobalSection
	GlobalSection(ProjectConfigurationPlatforms) = postSolution
		{EFF01631-0EC6-4005-925A-AEE730F7770D}.Debug|Any CPU.ActiveCfg = Debug|Any CPU
		{EFF01631-0EC6-4005-925A-AEE730F7770D}.Debug|Any CPU.Build.0 = Debug|Any CPU
		{EFF01631-0EC6-4005-925A-AEE730F7770D}.Release|Any CPU.ActiveCfg = Release|Any CPU
		{EFF01631-0EC6-4005-925A-AEE730F7770D}.Release|Any CPU.Build.0 = Release|Any CPU
	EndGlobalSection
	GlobalSection(SolutionProperties) = preSolution
		HideSolutionNode = FALSE
	EndGlobalSection
	GlobalSection(ExtensibilityGlobals) = postSolution
		SolutionGuid = {B911FE0C-5A52-4721-88C0-2F3EE1796123}
	EndGlobalSection
EndGlobal
